
Microsoft Visual Studio Solution File, Format Version 12.00
# Visual Studio 2012
Project("{FAE04EC0-301F-11D3-BF4B-00C04F79EFBC}") = "WPFLab", "WpfApplication1\WPFLab.csproj", "{CE116B78-1AE9-46B7-B4D2-7640DEB63483}"
EndProject
Global
	GlobalSection(SolutionConfigurationPlatforms) = preSolution
		Debug|Any CPU = Debug|Any CPU
		Release|Any CPU = Release|Any CPU
	EndGlobalSection
	GlobalSection(ProjectConfigurationPlatforms) = postSolution
		{CE116B78-1AE9-46B7-B4D2-7640DEB63483}.Debug|Any CPU.ActiveCfg = Debug|Any CPU
		{CE116B78-1AE9-46B7-B4D2-7640DEB63483}.Debug|Any CPU.Build.0 = Debug|Any CPU
		{CE116B78-1AE9-46B7-B4D2-7640DEB63483}.Release|Any CPU.ActiveCfg = Release|Any CPU
		{CE116B78-1AE9-46B7-B4D2-7640DEB63483}.Release|Any CPU.Build.0 = Release|Any CPU
	EndGlobalSection
	GlobalSection(SolutionProperties) = preSolution
		HideSolutionNode = FALSE
	EndGlobalSection
EndGlobal
